
Microsoft Visual Studio Solution File, Format Version 12.00
# Visual Studio 15
Project("{FAE04EC0-301F-11D3-BF4B-00C04F79EFBC}") = "Assembly-CSharp", "Assembly-CSharp.csproj", "{1F08A4BE-AAF4-53EE-6E9D-0D9F218EBA1D}"
EndProject
Project("{FAE04EC0-301F-11D3-BF4B-00C04F79EFBC}") = "Assembly-CSharp-Editor", "Assembly-CSharp-Editor.csproj", "{8AB5C864-51E3-B13A-D954-462F550A3188}"
EndProject
Global
	GlobalSection(SolutionConfigurationPlatforms) = preSolution
		Debug|Any CPU = Debug|Any CPU
		Release|Any CPU = Release|Any CPU
	EndGlobalSection
	GlobalSection(ProjectConfigurationPlatforms) = postSolution
		{1F08A4BE-AAF4-53EE-6E9D-0D9F218EBA1D}.Debug|Any CPU.ActiveCfg = Debug|Any CPU
		{1F08A4BE-AAF4-53EE-6E9D-0D9F218EBA1D}.Debug|Any CPU.Build.0 = Debug|Any CPU
		{1F08A4BE-AAF4-53EE-6E9D-0D9F218EBA1D}.Release|Any CPU.ActiveCfg = Release|Any CPU
		{1F08A4BE-AAF4-53EE-6E9D-0D9F218EBA1D}.Release|Any CPU.Build.0 = Release|Any CPU
		{8AB5C864-51E3-B13A-D954-462F550A3188}.Debug|Any CPU.ActiveCfg = Debug|Any CPU
		{8AB5C864-51E3-B13A-D954-462F550A3188}.Debug|Any CPU.Build.0 = Debug|Any CPU
		{8AB5C864-51E3-B13A-D954-462F550A3188}.Release|Any CPU.ActiveCfg = Release|Any CPU
		{8AB5C864-51E3-B13A-D954-462F550A3188}.Release|Any CPU.Build.0 = Release|Any CPU
	EndGlobalSection
	GlobalSection(SolutionProperties) = preSolution
		HideSolutionNode = FALSE
	EndGlobalSection
EndGlobal
