
Microsoft Visual Studio Solution File, Format Version 12.00
# Visual Studio 15
Project("{FAE04EC0-301F-11D3-BF4B-00C04F79EFBC}") = "Assembly-CSharp", "Assembly-CSharp.csproj", "{10330185-8E6B-E23A-BDE4-D223D83CF819}"
EndProject
Project("{FAE04EC0-301F-11D3-BF4B-00C04F79EFBC}") = "Assembly-CSharp-Editor", "Assembly-CSharp-Editor.csproj", "{C7B918F6-272C-F397-9901-6B19BD2C191D}"
EndProject
Global
	GlobalSection(SolutionConfigurationPlatforms) = preSolution
		Debug|Any CPU = Debug|Any CPU
		Release|Any CPU = Release|Any CPU
	EndGlobalSection
	GlobalSection(ProjectConfigurationPlatforms) = postSolution
		{10330185-8E6B-E23A-BDE4-D223D83CF819}.Debug|Any CPU.ActiveCfg = Debug|Any CPU
		{10330185-8E6B-E23A-BDE4-D223D83CF819}.Debug|Any CPU.Build.0 = Debug|Any CPU
		{10330185-8E6B-E23A-BDE4-D223D83CF819}.Release|Any CPU.ActiveCfg = Release|Any CPU
		{10330185-8E6B-E23A-BDE4-D223D83CF819}.Release|Any CPU.Build.0 = Release|Any CPU
		{C7B918F6-272C-F397-9901-6B19BD2C191D}.Debug|Any CPU.ActiveCfg = Debug|Any CPU
		{C7B918F6-272C-F397-9901-6B19BD2C191D}.Debug|Any CPU.Build.0 = Debug|Any CPU
		{C7B918F6-272C-F397-9901-6B19BD2C191D}.Release|Any CPU.ActiveCfg = Release|Any CPU
		{C7B918F6-272C-F397-9901-6B19BD2C191D}.Release|Any CPU.Build.0 = Release|Any CPU
	EndGlobalSection
	GlobalSection(SolutionProperties) = preSolution
		HideSolutionNode = FALSE
	EndGlobalSection
EndGlobal
